# This file was autogenerated by Stack.
# You should not edit this file by hand.
# For more information, please see the documentation at:
#   https://docs.haskellstack.org/en/stable/lock_files

packages: []
snapshots:
- completed:
    size: 634925
    url: https://raw.githubusercontent.com/commercialhaskell/stackage-snapshots/master/nightly/2022/2/7.yaml
    sha256: eccf3b87cf7521eb8e7704c2efbb579d2074a0a76c7b961e0f07b98b3079ada5
  original: nightly-2022-02-07
